
Microsoft Visual Studio Solution File, Format Version 12.00
# Visual Studio Version 17
VisualStudioVersion = 17.0.31903.59
MinimumVisualStudioVersion = 10.0.40219.1
Project("{2150E333-8FDC-42A3-9474-1A3956D46DE8}") = "src", "src", "{827E0CD3-B72D-47B6-A68D-7590B98EB39B}"
EndProject
Project("{FAE04EC0-301F-11D3-BF4B-00C04F79EFBC}") = "EInvoicing.Validation.Api", "src\EInvoicing.Validation.Api\EInvoicing.Validation.Api.csproj", "{0F81002A-71ED-46B6-BA8E-A6EA13DD11C3}"
EndProject
Project("{FAE04EC0-301F-11D3-BF4B-00C04F79EFBC}") = "EInvoicing.Validation.Application", "src\EInvoicing.Validation.Application\EInvoicing.Validation.Application.csproj", "{073E46EF-074F-4686-8F45-3A02D654107A}"
EndProject
Project("{FAE04EC0-301F-11D3-BF4B-00C04F79EFBC}") = "EInvoicing.Validation.Domain", "src\EInvoicing.Validation.Domain\EInvoicing.Validation.Domain.csproj", "{0113F12F-FB27-485E-B83A-B59DA43303B7}"
EndProject
Project("{FAE04EC0-301F-11D3-BF4B-00C04F79EFBC}") = "EInvoicing.Validation.Infrastructure", "src\EInvoicing.Validation.Infrastructure\EInvoicing.Validation.Infrastructure.csproj", "{20214DEE-7F51-488A-ADB0-66F4DF9001F2}"
EndProject
Project("{2150E333-8FDC-42A3-9474-1A3956D46DE8}") = "tests", "tests", "{0AB3BF05-4346-4AA6-1389-037BE0695223}"
EndProject
Project("{FAE04EC0-301F-11D3-BF4B-00C04F79EFBC}") = "EInvoicing.Validation.Tests", "tests\EInvoicing.Validation.Tests\EInvoicing.Validation.Tests.csproj", "{235D3922-8671-47BE-8660-26433020CE4D}"
EndProject
Global
	GlobalSection(SolutionConfigurationPlatforms) = preSolution
		Debug|Any CPU = Debug|Any CPU
		Debug|x64 = Debug|x64
		Debug|x86 = Debug|x86
		Release|Any CPU = Release|Any CPU
		Release|x64 = Release|x64
		Release|x86 = Release|x86
	EndGlobalSection
	GlobalSection(ProjectConfigurationPlatforms) = postSolution
		{0F81002A-71ED-46B6-BA8E-A6EA13DD11C3}.Debug|Any CPU.ActiveCfg = Debug|Any CPU
		{0F81002A-71ED-46B6-BA8E-A6EA13DD11C3}.Debug|Any CPU.Build.0 = Debug|Any CPU
		{0F81002A-71ED-46B6-BA8E-A6EA13DD11C3}.Debug|x64.ActiveCfg = Debug|Any CPU
		{0F81002A-71ED-46B6-BA8E-A6EA13DD11C3}.Debug|x64.Build.0 = Debug|Any CPU
		{0F81002A-71ED-46B6-BA8E-A6EA13DD11C3}.Debug|x86.ActiveCfg = Debug|Any CPU
		{0F81002A-71ED-46B6-BA8E-A6EA13DD11C3}.Debug|x86.Build.0 = Debug|Any CPU
		{0F81002A-71ED-46B6-BA8E-A6EA13DD11C3}.Release|Any CPU.ActiveCfg = Release|Any CPU
		{0F81002A-71ED-46B6-BA8E-A6EA13DD11C3}.Release|Any CPU.Build.0 = Release|Any CPU
		{0F81002A-71ED-46B6-BA8E-A6EA13DD11C3}.Release|x64.ActiveCfg = Release|Any CPU
		{0F81002A-71ED-46B6-BA8E-A6EA13DD11C3}.Release|x64.Build.0 = Release|Any CPU
		{0F81002A-71ED-46B6-BA8E-A6EA13DD11C3}.Release|x86.ActiveCfg = Release|Any CPU
		{0F81002A-71ED-46B6-BA8E-A6EA13DD11C3}.Release|x86.Build.0 = Release|Any CPU
		{073E46EF-074F-4686-8F45-3A02D654107A}.Debug|Any CPU.ActiveCfg = Debug|Any CPU
		{073E46EF-074F-4686-8F45-3A02D654107A}.Debug|Any CPU.Build.0 = Debug|Any CPU
		{073E46EF-074F-4686-8F45-3A02D654107A}.Debug|x64.ActiveCfg = Debug|Any CPU
		{073E46EF-074F-4686-8F45-3A02D654107A}.Debug|x64.Build.0 = Debug|Any CPU
		{073E46EF-074F-4686-8F45-3A02D654107A}.Debug|x86.ActiveCfg = Debug|Any CPU
		{073E46EF-074F-4686-8F45-3A02D654107A}.Debug|x86.Build.0 = Debug|Any CPU
		{073E46EF-074F-4686-8F45-3A02D654107A}.Release|Any CPU.ActiveCfg = Release|Any CPU
		{073E46EF-074F-4686-8F45-3A02D654107A}.Release|Any CPU.Build.0 = Release|Any CPU
		{073E46EF-074F-4686-8F45-3A02D654107A}.Release|x64.ActiveCfg = Release|Any CPU
		{073E46EF-074F-4686-8F45-3A02D654107A}.Release|x64.Build.0 = Release|Any CPU
		{073E46EF-074F-4686-8F45-3A02D654107A}.Release|x86.ActiveCfg = Release|Any CPU
		{073E46EF-074F-4686-8F45-3A02D654107A}.Release|x86.Build.0 = Release|Any CPU
		{0113F12F-FB27-485E-B83A-B59DA43303B7}.Debug|Any CPU.ActiveCfg = Debug|Any CPU
		{0113F12F-FB27-485E-B83A-B59DA43303B7}.Debug|Any CPU.Build.0 = Debug|Any CPU
		{0113F12F-FB27-485E-B83A-B59DA43303B7}.Debug|x64.ActiveCfg = Debug|Any CPU
		{0113F12F-FB27-485E-B83A-B59DA43303B7}.Debug|x64.Build.0 = Debug|Any CPU
		{0113F12F-FB27-485E-B83A-B59DA43303B7}.Debug|x86.ActiveCfg = Debug|Any CPU
		{0113F12F-FB27-485E-B83A-B59DA43303B7}.Debug|x86.Build.0 = Debug|Any CPU
		{0113F12F-FB27-485E-B83A-B59DA43303B7}.Release|Any CPU.ActiveCfg = Release|Any CPU
		{0113F12F-FB27-485E-B83A-B59DA43303B7}.Release|Any CPU.Build.0 = Release|Any CPU
		{0113F12F-FB27-485E-B83A-B59DA43303B7}.Release|x64.ActiveCfg = Release|Any CPU
		{0113F12F-FB27-485E-B83A-B59DA43303B7}.Release|x64.Build.0 = Release|Any CPU
		{0113F12F-FB27-485E-B83A-B59DA43303B7}.Release|x86.ActiveCfg = Release|Any CPU
		{0113F12F-FB27-485E-B83A-B59DA43303B7}.Release|x86.Build.0 = Release|Any CPU
		{20214DEE-7F51-488A-ADB0-66F4DF9001F2}.Debug|Any CPU.ActiveCfg = Debug|Any CPU
		{20214DEE-7F51-488A-ADB0-66F4DF9001F2}.Debug|Any CPU.Build.0 = Debug|Any CPU
		{20214DEE-7F51-488A-ADB0-66F4DF9001F2}.Debug|x64.ActiveCfg = Debug|Any CPU
		{20214DEE-7F51-488A-ADB0-66F4DF9001F2}.Debug|x64.Build.0 = Debug|Any CPU
		{20214DEE-7F51-488A-ADB0-66F4DF9001F2}.Debug|x86.ActiveCfg = Debug|Any CPU
		{20214DEE-7F51-488A-ADB0-66F4DF9001F2}.Debug|x86.Build.0 = Debug|Any CPU
		{20214DEE-7F51-488A-ADB0-66F4DF9001F2}.Release|Any CPU.ActiveCfg = Release|Any CPU
		{20214DEE-7F51-488A-ADB0-66F4DF9001F2}.Release|Any CPU.Build.0 = Release|Any CPU
		{20214DEE-7F51-488A-ADB0-66F4DF9001F2}.Release|x64.ActiveCfg = Release|Any CPU
		{20214DEE-7F51-488A-ADB0-66F4DF9001F2}.Release|x64.Build.0 = Release|Any CPU
		{20214DEE-7F51-488A-ADB0-66F4DF9001F2}.Release|x86.ActiveCfg = Release|Any CPU
		{20214DEE-7F51-488A-ADB0-66F4DF9001F2}.Release|x86.Build.0 = Release|Any CPU
		{235D3922-8671-47BE-8660-26433020CE4D}.Debug|Any CPU.ActiveCfg = Debug|Any CPU
		{235D3922-8671-47BE-8660-26433020CE4D}.Debug|Any CPU.Build.0 = Debug|Any CPU
		{235D3922-8671-47BE-8660-26433020CE4D}.Debug|x64.ActiveCfg = Debug|Any CPU
		{235D3922-8671-47BE-8660-26433020CE4D}.Debug|x64.Build.0 = Debug|Any CPU
		{235D3922-8671-47BE-8660-26433020CE4D}.Debug|x86.ActiveCfg = Debug|Any CPU
		{235D3922-8671-47BE-8660-26433020CE4D}.Debug|x86.Build.0 = Debug|Any CPU
		{235D3922-8671-47BE-8660-26433020CE4D}.Release|Any CPU.ActiveCfg = Release|Any CPU
		{235D3922-8671-47BE-8660-26433020CE4D}.Release|Any CPU.Build.0 = Release|Any CPU
		{235D3922-8671-47BE-8660-26433020CE4D}.Release|x64.ActiveCfg = Release|Any CPU
		{235D3922-8671-47BE-8660-26433020CE4D}.Release|x64.Build.0 = Release|Any CPU
		{235D3922-8671-47BE-8660-26433020CE4D}.Release|x86.ActiveCfg = Release|Any CPU
		{235D3922-8671-47BE-8660-26433020CE4D}.Release|x86.Build.0 = Release|Any CPU
	EndGlobalSection
	GlobalSection(SolutionProperties) = preSolution
		HideSolutionNode = FALSE
	EndGlobalSection
	GlobalSection(NestedProjects) = preSolution
		{0F81002A-71ED-46B6-BA8E-A6EA13DD11C3} = {827E0CD3-B72D-47B6-A68D-7590B98EB39B}
		{073E46EF-074F-4686-8F45-3A02D654107A} = {827E0CD3-B72D-47B6-A68D-7590B98EB39B}
		{0113F12F-FB27-485E-B83A-B59DA43303B7} = {827E0CD3-B72D-47B6-A68D-7590B98EB39B}
		{20214DEE-7F51-488A-ADB0-66F4DF9001F2} = {827E0CD3-B72D-47B6-A68D-7590B98EB39B}
		{235D3922-8671-47BE-8660-26433020CE4D} = {0AB3BF05-4346-4AA6-1389-037BE0695223}
	EndGlobalSection
EndGlobal
